{
  "name": "@cainenielsen/button",
  "version": "1.0.0",
  "lockfileVersion": 2,
  "requires": true,
  "packages": {
    "": {
      "name": "@cainenielsen/button",
      "version": "1.0.0",
      "license": "ISC",
      "dependencies": {
        "@cainenielsen/package-template": "^1.0.2"
      }
    },
    "node_modules/@cainenielsen/package-template": {
      "version": "1.0.2",
      "resolved": "https://registry.npmjs.org/@cainenielsen/package-template/-/package-template-1.0.2.tgz",
      "integrity": "sha512-7k+xe5xILqCCJUaR3LMzu5h87pt5qir+bGaPTK+gDO3LlD8byrVMQknREeuAVud0Ge518kpgfvVJhwzfTMAp1w=="
    }
  },
  "dependencies": {
    "@cainenielsen/package-template": {
      "version": "1.0.2",
      "resolved": "https://registry.npmjs.org/@cainenielsen/package-template/-/package-template-1.0.2.tgz",
      "integrity": "sha512-7k+xe5xILqCCJUaR3LMzu5h87pt5qir+bGaPTK+gDO3LlD8byrVMQknREeuAVud0Ge518kpgfvVJhwzfTMAp1w=="
    }
  }
}
